
Microsoft Visual Studio Solution File, Format Version 12.00
# Visual Studio Version 16
VisualStudioVersion = 16.0.30621.155
MinimumVisualStudioVersion = 10.0.40219.1
Project("{9A19103F-16F7-4668-BE54-9A1E7A4F7556}") = "RavaSandwich", "RavaSandwich\RavaSandwich.csproj", "{646C6FE9-A2FB-49BB-AB14-F6FBEB8D54EB}"
EndProject
Global
	GlobalSection(SolutionConfigurationPlatforms) = preSolution
		Debug|Any CPU = Debug|Any CPU
		Release|Any CPU = Release|Any CPU
	EndGlobalSection
	GlobalSection(ProjectConfigurationPlatforms) = postSolution
		{646C6FE9-A2FB-49BB-AB14-F6FBEB8D54EB}.Debug|Any CPU.ActiveCfg = Debug|Any CPU
		{646C6FE9-A2FB-49BB-AB14-F6FBEB8D54EB}.Debug|Any CPU.Build.0 = Debug|Any CPU
		{646C6FE9-A2FB-49BB-AB14-F6FBEB8D54EB}.Release|Any CPU.ActiveCfg = Release|Any CPU
		{646C6FE9-A2FB-49BB-AB14-F6FBEB8D54EB}.Release|Any CPU.Build.0 = Release|Any CPU
	EndGlobalSection
	GlobalSection(SolutionProperties) = preSolution
		HideSolutionNode = FALSE
	EndGlobalSection
	GlobalSection(ExtensibilityGlobals) = postSolution
		SolutionGuid = {A1CB0ADF-A616-461F-8AE0-A2EE9E76EFD6}
	EndGlobalSection
EndGlobal
