
Microsoft Visual Studio Solution File, Format Version 12.00
# Visual Studio Version 16
VisualStudioVersion = 16.0.30621.155
MinimumVisualStudioVersion = 10.0.40219.1
Project("{FAE04EC0-301F-11D3-BF4B-00C04F79EFBC}") = "RavaSandwich", "RavaSandwich\RavaSandwich.csproj", "{6314C4B0-6D31-4849-9560-A7F098DE7087}"
EndProject
Global
	GlobalSection(SolutionConfigurationPlatforms) = preSolution
		Debug|Any CPU = Debug|Any CPU
		Release|Any CPU = Release|Any CPU
	EndGlobalSection
	GlobalSection(ProjectConfigurationPlatforms) = postSolution
		{6314C4B0-6D31-4849-9560-A7F098DE7087}.Debug|Any CPU.ActiveCfg = Debug|Any CPU
		{6314C4B0-6D31-4849-9560-A7F098DE7087}.Debug|Any CPU.Build.0 = Debug|Any CPU
		{6314C4B0-6D31-4849-9560-A7F098DE7087}.Release|Any CPU.ActiveCfg = Release|Any CPU
		{6314C4B0-6D31-4849-9560-A7F098DE7087}.Release|Any CPU.Build.0 = Release|Any CPU
	EndGlobalSection
	GlobalSection(SolutionProperties) = preSolution
		HideSolutionNode = FALSE
	EndGlobalSection
	GlobalSection(ExtensibilityGlobals) = postSolution
		SolutionGuid = {B34A40F3-A9D9-4D88-9580-2DC74621564A}
	EndGlobalSection
EndGlobal
